schema: '2.0'
stages:
  train:
    cmd: python train.py
    deps:
    - path: data/iris.csv
      hash: md5
      md5: bf6c5b821b3ca662304cceabd408711d
      size: 2795
    - path: train.py
      hash: md5
      md5: 3cf5d8d3f308ca31fbd1a69cb538dc1b
      size: 1533
    outs:
    - path: model.pkl
      hash: md5
      md5: aae15804a1c002c25a096eeebf7edc26
      size: 320629
